lockfileVersion: '9.0'

settings:
  autoInstallPeers: true
  excludeLinksFromLockfile: false

importers:

  packages/bar: {}

  packages/foo:
    dependencies:
      bar:
        specifier: workspace:*
        version: file:packages/bar
    dependenciesMeta:
      bar:
        injected: true

packages:

  bar@file:packages/bar:
    resolution: {directory: packages/bar, type: directory}

snapshots:

  bar@file:packages/bar: {}
